<?xml version="1.0" encoding="utf-8"?>
<Project ToolsVersion="4.0" xmlns="http://schemas.microsoft.com/developer/msbuild/2003">
  <ItemGroup>
    <Filter Include="Source Files">
      <UniqueIdentifier>{4FC737F1-C7A5-4376-A066-2A32D752A2FF}</UniqueIdentifier>
      <Extensions>cpp;c;cc;cxx;def;odl;idl;hpj;bat;asm;asmx</Extensions>
    </Filter>
    <Filter Include="Header Files">
      <UniqueIdentifier>{93995380-89BD-4b04-88EB-625FBE52EBFB}</UniqueIdentifier>
      <Extensions>h;hh;hpp;hxx;hm;inl;inc;xsd</Extensions>
    </Filter>
    <Filter Include="Resource Files">
      <UniqueIdentifier>{67DA6AB6-F800-4c08-8B7A-83BB121AAD01}</UniqueIdentifier>
      <Extensions>rc;ico;cur;bmp;dlg;rc2;rct;bin;rgs;gif;jpg;jpeg;jpe;resx;tiff;tif;png;wav;mfcribbon-ms</Extensions>
    </Filter>
  </ItemGroup>
  <ItemGroup>
    <ClInclude Include="include\approximateEntropy.h">
      <Filter>Header Files</Filter>
    </ClInclude>
    <ClInclude Include="include\basicDefinition.h">
      <Filter>Header Files</Filter>
    </ClInclude>
    <ClInclude Include="include\blockFrequency.h">
      <Filter>Header Files</Filter>
    </ClInclude>
    <ClInclude Include="include\c_file_operation.h">
      <Filter>Header Files</Filter>
    </ClInclude>
    <ClInclude Include="include\cephes.h">
      <Filter>Header Files</Filter>
    </ClInclude>
    <ClInclude Include="include\cJSON.h">
      <Filter>Header Files</Filter>
    </ClInclude>
    <ClInclude Include="include\cumulativeSums.h">
      <Filter>Header Files</Filter>
    </ClInclude>
    <ClInclude Include="include\dfft.h">
      <Filter>Header Files</Filter>
    </ClInclude>
    <ClInclude Include="include\discreteFourierTransform.h">
      <Filter>Header Files</Filter>
    </ClInclude>
    <ClInclude Include="include\errorCode.h">
      <Filter>Header Files</Filter>
    </ClInclude>
    <ClInclude Include="include\frequency.h">
      <Filter>Header Files</Filter>
    </ClInclude>
    <ClInclude Include="include\linearComplexity.h">
      <Filter>Header Files</Filter>
    </ClInclude>
    <ClInclude Include="include\longestRunOfOnes.h">
      <Filter>Header Files</Filter>
    </ClInclude>
    <ClInclude Include="include\matrix.h">
      <Filter>Header Files</Filter>
    </ClInclude>
    <ClInclude Include="include\nonOverlappingTemplateMatchings.h">
      <Filter>Header Files</Filter>
    </ClInclude>
    <ClInclude Include="include\overlappingTemplateMatchings.h">
      <Filter>Header Files</Filter>
    </ClInclude>
    <ClInclude Include="include\randomExcursions.h">
      <Filter>Header Files</Filter>
    </ClInclude>
    <ClInclude Include="include\randomExcursionsVariant.h">
      <Filter>Header Files</Filter>
    </ClInclude>
    <ClInclude Include="include\rank.h">
      <Filter>Header Files</Filter>
    </ClInclude>
    <ClInclude Include="include\rnd_test.h">
      <Filter>Header Files</Filter>
    </ClInclude>
    <ClInclude Include="include\runs.h">
      <Filter>Header Files</Filter>
    </ClInclude>
    <ClInclude Include="include\serial.h">
      <Filter>Header Files</Filter>
    </ClInclude>
    <ClInclude Include="include\universal.h">
      <Filter>Header Files</Filter>
    </ClInclude>
  </ItemGroup>
  <ItemGroup>
    <ClCompile Include="src\approximateEntropy\approximateEntropy.c">
      <Filter>Source Files</Filter>
    </ClCompile>
    <ClCompile Include="src\blockFrequency\blockFrequency.c">
      <Filter>Source Files</Filter>
    </ClCompile>
    <ClCompile Include="src\cumulativeSums\cumulativeSums.c">
      <Filter>Source Files</Filter>
    </ClCompile>
    <ClCompile Include="src\discreteFourierTransform\discreteFourierTransform.c">
      <Filter>Source Files</Filter>
    </ClCompile>
    <ClCompile Include="src\frequency\frequency.c">
      <Filter>Source Files</Filter>
    </ClCompile>
    <ClCompile Include="src\linearComplexity\linearComplexity.c">
      <Filter>Source Files</Filter>
    </ClCompile>
    <ClCompile Include="src\longestRunOfOnes\longestRunOfOnes.c">
      <Filter>Source Files</Filter>
    </ClCompile>
    <ClCompile Include="src\math\cephes.c">
      <Filter>Source Files</Filter>
    </ClCompile>
    <ClCompile Include="src\math\dfft.c">
      <Filter>Source Files</Filter>
    </ClCompile>
    <ClCompile Include="src\math\matrix.c">
      <Filter>Source Files</Filter>
    </ClCompile>
    <ClCompile Include="src\nonOverlappingTemplateMatchings\nonOverlappingTemplateMatchings.c">
      <Filter>Source Files</Filter>
    </ClCompile>
    <ClCompile Include="src\overlappingTemplateMatchings\overlappingTemplateMatchings.c">
      <Filter>Source Files</Filter>
    </ClCompile>
    <ClCompile Include="src\randomExcursions\randomExcursions.c">
      <Filter>Source Files</Filter>
    </ClCompile>
    <ClCompile Include="src\randomExcursionsVariant\randomExcursionsVariant.c">
      <Filter>Source Files</Filter>
    </ClCompile>
    <ClCompile Include="src\rank\rank.c">
      <Filter>Source Files</Filter>
    </ClCompile>
    <ClCompile Include="src\runs\runs.c">
      <Filter>Source Files</Filter>
    </ClCompile>
    <ClCompile Include="src\serial\serial.c">
      <Filter>Source Files</Filter>
    </ClCompile>
    <ClCompile Include="src\universal\universal.c">
      <Filter>Source Files</Filter>
    </ClCompile>
    <ClCompile Include="src\c_file_operation.c">
      <Filter>Source Files</Filter>
    </ClCompile>
    <ClCompile Include="src\cJSON.c">
      <Filter>Source Files</Filter>
    </ClCompile>
    <ClCompile Include="src\main.c">
      <Filter>Source Files</Filter>
    </ClCompile>
    <ClCompile Include="src\rnd_test.c">
      <Filter>Source Files</Filter>
    </ClCompile>
  </ItemGroup>
</Project>